
Microsoft Visual Studio Solution File, Format Version 12.00
# Visual Studio Version 17
VisualStudioVersion = 17.9.34728.123
MinimumVisualStudioVersion = 10.0.40219.1
Project("{8BC9CEB8-8B4A-11D0-8D11-00A0C91BC942}") = "server", "server.vcxproj", "{D2926B3F-E4EB-4C30-90DC-5E9C66DEA5CE}"
EndProject
Project("{8BC9CEB8-8B4A-11D0-8D11-00A0C91BC942}") = "client", "..\client\client.vcxproj", "{3B5BA44C-E8A0-4FA4-A346-4E9032A2C589}"
EndProject
Global
	GlobalSection(SolutionConfigurationPlatforms) = preSolution
		Debug|x64 = Debug|x64
		Debug|x86 = Debug|x86
		Release|x64 = Release|x64
		Release|x86 = Release|x86
	EndGlobalSection
	GlobalSection(ProjectConfigurationPlatforms) = postSolution
		{D2926B3F-E4EB-4C30-90DC-5E9C66DEA5CE}.Debug|x64.ActiveCfg = Debug|Win32
		{D2926B3F-E4EB-4C30-90DC-5E9C66DEA5CE}.Debug|x64.Build.0 = Debug|Win32
		{D2926B3F-E4EB-4C30-90DC-5E9C66DEA5CE}.Debug|x86.ActiveCfg = Debug|Win32
		{D2926B3F-E4EB-4C30-90DC-5E9C66DEA5CE}.Debug|x86.Build.0 = Debug|Win32
		{D2926B3F-E4EB-4C30-90DC-5E9C66DEA5CE}.Release|x64.ActiveCfg = Release|x64
		{D2926B3F-E4EB-4C30-90DC-5E9C66DEA5CE}.Release|x64.Build.0 = Release|x64
		{D2926B3F-E4EB-4C30-90DC-5E9C66DEA5CE}.Release|x86.ActiveCfg = Release|Win32
		{D2926B3F-E4EB-4C30-90DC-5E9C66DEA5CE}.Release|x86.Build.0 = Release|Win32
		{3B5BA44C-E8A0-4FA4-A346-4E9032A2C589}.Debug|x64.ActiveCfg = Debug|x64
		{3B5BA44C-E8A0-4FA4-A346-4E9032A2C589}.Debug|x64.Build.0 = Debug|x64
		{3B5BA44C-E8A0-4FA4-A346-4E9032A2C589}.Debug|x86.ActiveCfg = Debug|Win32
		{3B5BA44C-E8A0-4FA4-A346-4E9032A2C589}.Debug|x86.Build.0 = Debug|Win32
		{3B5BA44C-E8A0-4FA4-A346-4E9032A2C589}.Release|x64.ActiveCfg = Release|x64
		{3B5BA44C-E8A0-4FA4-A346-4E9032A2C589}.Release|x64.Build.0 = Release|x64
		{3B5BA44C-E8A0-4FA4-A346-4E9032A2C589}.Release|x86.ActiveCfg = Release|Win32
		{3B5BA44C-E8A0-4FA4-A346-4E9032A2C589}.Release|x86.Build.0 = Release|Win32
	EndGlobalSection
	GlobalSection(SolutionProperties) = preSolution
		HideSolutionNode = FALSE
	EndGlobalSection
	GlobalSection(ExtensibilityGlobals) = postSolution
		SolutionGuid = {7372B397-FD67-4A8A-B0BE-8E7F6536310D}
	EndGlobalSection
EndGlobal
